
Microsoft Visual Studio Solution File, Format Version 12.00
# Visual Studio Version 17
VisualStudioVersion = 17.14.36717.8
MinimumVisualStudioVersion = 10.0.40219.1
Project("{FAE04EC0-301F-11D3-BF4B-00C04F79EFBC}") = "DernekSitesi", "DernekSitesi.csproj", "{7322FE25-D387-41EB-8F67-6361CB606EBC}"
EndProject
Global
	GlobalSection(SolutionConfigurationPlatforms) = preSolution
		Debug|Any CPU = Debug|Any CPU
		Release|Any CPU = Release|Any CPU
	EndGlobalSection
	GlobalSection(ProjectConfigurationPlatforms) = postSolution
		{7322FE25-D387-41EB-8F67-6361CB606EBC}.Debug|Any CPU.ActiveCfg = Debug|Any CPU
		{7322FE25-D387-41EB-8F67-6361CB606EBC}.Debug|Any CPU.Build.0 = Debug|Any CPU
		{7322FE25-D387-41EB-8F67-6361CB606EBC}.Release|Any CPU.ActiveCfg = Release|Any CPU
		{7322FE25-D387-41EB-8F67-6361CB606EBC}.Release|Any CPU.Build.0 = Release|Any CPU
	EndGlobalSection
	GlobalSection(SolutionProperties) = preSolution
		HideSolutionNode = FALSE
	EndGlobalSection
	GlobalSection(ExtensibilityGlobals) = postSolution
		SolutionGuid = {61876ABB-5913-493A-91C6-5451F1B1A39E}
	EndGlobalSection
EndGlobal
